github.com/dlclark/regexp2 v1.8.1 h1:6Lcdwya6GjPUNsBct8Lg/yRPwMhABj269AAzdGSiR+0=
github.com/dlclark/regexp2 v1.8.1/go.mod h1:DHkYz0B9wPfa6wondMfaivmHpzrQ3v9q8cnmRbL6yW8=
github.com/google/uuid v1.3.0 h1:t6JiXgmwXMjEs8VusXIJk2BXHsn+wx8BZdTaoZ5fu7I=
github.com/google/uuid v1.3.0/go.mod h1:TIyPZe4MgqvfeYDBFedMoGGpEw/LqOeaOT+nhxU+yHo=
github.com/j178/tiktoken-go v0.2.1 h1:bs8z+tj8YEYtFKOtUsyIUwnnsIfNb+UgdGEJX/HkTBU=
github.com/j178/tiktoken-go v0.2.1/go.mod h1:hmh16kk7mgUq7Jc7eVHoU06MsjsfUk+VVMSUypPurjU=
github.com/pkoukk/tiktoken-go v0.1.0 h1:X1uP3+Nd8C3xe6AIGRWjchrylyaye0FDDTG22cxNQZs=
github.com/pkoukk/tiktoken-go v0.1.0/go.mod h1:BijIqAP84FMYC4XbdJgjyMpiSjusU8x0Y0W9K2t0QtU=
github.com/sashabaranov/go-openai v1.5.8 h1:EfNEmc+Ue+CuRy7iSpNdxfHyiOv2vQsQ2Y0kZRA/z5w=
github.com/sashabaranov/go-openai v1.5.8/go.mod h1:lj5b/K+zjTSFxVLijLSTDZuP7adOgerWeFyZLUhAKRg=
